
Microsoft Visual Studio Solution File, Format Version 12.00
# Visual Studio Version 16
VisualStudioVersion = 16.0.29424.173
MinimumVisualStudioVersion = 10.0.40219.1
Project("{FAE04EC0-301F-11D3-BF4B-00C04F79EFBC}") = "UOW.Repo.Presentation", "UOW.Repo\UOW.Repo.Presentation.csproj", "{11131252-72D1-476A-BE49-FD634EC830E8}"
EndProject
Project("{FAE04EC0-301F-11D3-BF4B-00C04F79EFBC}") = "UOW.Repo.EntityFramework", "UOW.Repo.EntityFramework\UOW.Repo.EntityFramework.csproj", "{205A2C56-7947-475B-9641-B496D88314BD}"
EndProject
Project("{FAE04EC0-301F-11D3-BF4B-00C04F79EFBC}") = "UOW.Repo.Repository", "UOW.Repo.Repository\UOW.Repo.Repository.csproj", "{B0595ADD-29DB-4CB4-B830-3E1B0223207B}"
EndProject
Project("{FAE04EC0-301F-11D3-BF4B-00C04F79EFBC}") = "UOW.Repo.Business", "UOW.Repo.Business\UOW.Repo.Business.csproj", "{CF3C2B31-4B8B-45AD-8DE6-A936DB80CC5A}"
EndProject
Global
	GlobalSection(SolutionConfigurationPlatforms) = preSolution
		Debug|Any CPU = Debug|Any CPU
		Release|Any CPU = Release|Any CPU
	EndGlobalSection
	GlobalSection(ProjectConfigurationPlatforms) = postSolution
		{11131252-72D1-476A-BE49-FD634EC830E8}.Debug|Any CPU.ActiveCfg = Debug|Any CPU
		{11131252-72D1-476A-BE49-FD634EC830E8}.Debug|Any CPU.Build.0 = Debug|Any CPU
		{11131252-72D1-476A-BE49-FD634EC830E8}.Release|Any CPU.ActiveCfg = Release|Any CPU
		{11131252-72D1-476A-BE49-FD634EC830E8}.Release|Any CPU.Build.0 = Release|Any CPU
		{205A2C56-7947-475B-9641-B496D88314BD}.Debug|Any CPU.ActiveCfg = Debug|Any CPU
		{205A2C56-7947-475B-9641-B496D88314BD}.Debug|Any CPU.Build.0 = Debug|Any CPU
		{205A2C56-7947-475B-9641-B496D88314BD}.Release|Any CPU.ActiveCfg = Release|Any CPU
		{205A2C56-7947-475B-9641-B496D88314BD}.Release|Any CPU.Build.0 = Release|Any CPU
		{B0595ADD-29DB-4CB4-B830-3E1B0223207B}.Debug|Any CPU.ActiveCfg = Debug|Any CPU
		{B0595ADD-29DB-4CB4-B830-3E1B0223207B}.Debug|Any CPU.Build.0 = Debug|Any CPU
		{B0595ADD-29DB-4CB4-B830-3E1B0223207B}.Release|Any CPU.ActiveCfg = Release|Any CPU
		{B0595ADD-29DB-4CB4-B830-3E1B0223207B}.Release|Any CPU.Build.0 = Release|Any CPU
		{CF3C2B31-4B8B-45AD-8DE6-A936DB80CC5A}.Debug|Any CPU.ActiveCfg = Debug|Any CPU
		{CF3C2B31-4B8B-45AD-8DE6-A936DB80CC5A}.Debug|Any CPU.Build.0 = Debug|Any CPU
		{CF3C2B31-4B8B-45AD-8DE6-A936DB80CC5A}.Release|Any CPU.ActiveCfg = Release|Any CPU
		{CF3C2B31-4B8B-45AD-8DE6-A936DB80CC5A}.Release|Any CPU.Build.0 = Release|Any CPU
	EndGlobalSection
	GlobalSection(SolutionProperties) = preSolution
		HideSolutionNode = FALSE
	EndGlobalSection
	GlobalSection(ExtensibilityGlobals) = postSolution
		SolutionGuid = {6F9C0BDB-CCEF-4882-8472-C92E6E31865B}
	EndGlobalSection
EndGlobal
